
Microsoft Visual Studio Solution File, Format Version 12.00
# Visual Studio 15
VisualStudioVersion = 15.0.28010.2036
MinimumVisualStudioVersion = 10.0.40219.1
Project("{FAE04EC0-301F-11D3-BF4B-00C04F79EFBC}") = "FacesStorage", "FacesStorage\FacesStorage.csproj", "{C969F2A7-D2ED-4591-B014-168050DE3C02}"
EndProject
Global
	GlobalSection(SolutionConfigurationPlatforms) = preSolution
		Debug|Any CPU = Debug|Any CPU
		Release|Any CPU = Release|Any CPU
	EndGlobalSection
	GlobalSection(ProjectConfigurationPlatforms) = postSolution
		{C969F2A7-D2ED-4591-B014-168050DE3C02}.Debug|Any CPU.ActiveCfg = Debug|Any CPU
		{C969F2A7-D2ED-4591-B014-168050DE3C02}.Debug|Any CPU.Build.0 = Debug|Any CPU
		{C969F2A7-D2ED-4591-B014-168050DE3C02}.Release|Any CPU.ActiveCfg = Release|Any CPU
		{C969F2A7-D2ED-4591-B014-168050DE3C02}.Release|Any CPU.Build.0 = Release|Any CPU
	EndGlobalSection
	GlobalSection(SolutionProperties) = preSolution
		HideSolutionNode = FALSE
	EndGlobalSection
	GlobalSection(ExtensibilityGlobals) = postSolution
		SolutionGuid = {E9BB2B28-7212-4894-A81E-D70B47533B7C}
	EndGlobalSection
EndGlobal
